// !$*UTF8*$!
{
	archiveVersion = 1;
	classes = {
	};
	objectVersion = 56;
	objects = {

/* Begin PBXBuildFile section */
		70B86E062A1EACFA00C9A12B /* MVVMApp.swift in Sources */ = {isa = PBXBuildFile; fileRef = 70B86E052A1EACFA00C9A12B /* MVVMApp.swift */; };
		70B86E082A1EACFA00C9A12B /* ContentView.swift in Sources */ = {isa = PBXBuildFile; fileRef = 70B86E072A1EACFA00C9A12B /* ContentView.swift */; };
		70B86E0A2A1EACFC00C9A12B /* Assets.xcassets in Resources */ = {isa = PBXBuildFile; fileRef = 70B86E092A1EACFC00C9A12B /* Assets.xcassets */; };
		70B86E0D2A1EACFC00C9A12B /* Preview Assets.xcassets in Resources */ = {isa = PBXBuildFile; fileRef = 70B86E0C2A1EACFC00C9A12B /* Preview Assets.xcassets */; };
		70B86E172A1EACFC00C9A12B /* MVVMTests.swift in Sources */ = {isa = PBXBuildFile; fileRef = 70B86E162A1EACFC00C9A12B /* MVVMTests.swift */; };
		70B86E212A1EACFC00C9A12B /* MVVMUITests.swift in Sources */ = {isa = PBXBuildFile; fileRef = 70B86E202A1EACFC00C9A12B /* MVVMUITests.swift */; };
		70B86E232A1EACFC00C9A12B /* MVVMUITestsLaunchTests.swift in Sources */ = {isa = PBXBuildFile; fileRef = 70B86E222A1EACFC00C9A12B /* MVVMUITestsLaunchTests.swift */; };
		70B86E332A1EAD7300C9A12B /* Person.swift in Sources */ = {isa = PBXBuildFile; fileRef = 70B86E322A1EAD7300C9A12B /* Person.swift */; };
		70B86E352A1EAD8F00C9A12B /* PersonVM.swift in Sources */ = {isa = PBXBuildFile; fileRef = 70B86E342A1EAD8F00C9A12B /* PersonVM.swift */; };
		70B86E372A1EADB900C9A12B /* PersonView.swift in Sources */ = {isa = PBXBuildFile; fileRef = 70B86E362A1EADB900C9A12B /* PersonView.swift */; };
		70B86E392A1EAED100C9A12B /* BookModel.swift in Sources */ = {isa = PBXBuildFile; fileRef = 70B86E382A1EAED100C9A12B /* BookModel.swift */; };
		70B86E3B2A1EAEF300C9A12B /* BookVM.swift in Sources */ = {isa = PBXBuildFile; fileRef = 70B86E3A2A1EAEF300C9A12B /* BookVM.swift */; };
		70B86E3D2A1EAF3500C9A12B /* BookView.swift in Sources */ = {isa = PBXBuildFile; fileRef = 70B86E3C2A1EAF3500C9A12B /* BookView.swift */; };
		70B86E3F2A1EB0BF00C9A12B /* CarModel.swift in Sources */ = {isa = PBXBuildFile; fileRef = 70B86E3E2A1EB0BF00C9A12B /* CarModel.swift */; };
		70B86E412A1EB0CE00C9A12B /* CarVM.swift in Sources */ = {isa = PBXBuildFile; fileRef = 70B86E402A1EB0CE00C9A12B /* CarVM.swift */; };
		70B86E432A1EB10500C9A12B /* CarView.swift in Sources */ = {isa = PBXBuildFile; fileRef = 70B86E422A1EB10500C9A12B /* CarView.swift */; };
		70B86E452A1EB1F600C9A12B /* FrutModel.swift in Sources */ = {isa = PBXBuildFile; fileRef = 70B86E442A1EB1F600C9A12B /* FrutModel.swift */; };
		70B86E472A1EB20B00C9A12B /* FrutVM.swift in Sources */ = {isa = PBXBuildFile; fileRef = 70B86E462A1EB20B00C9A12B /* FrutVM.swift */; };
		70B86E492A1EB24900C9A12B /* FrutView.swift in Sources */ = {isa = PBXBuildFile; fileRef = 70B86E482A1EB24900C9A12B /* FrutView.swift */; };
		70B86E4B2A1EB31600C9A12B /* AnimalModel.swift in Sources */ = {isa = PBXBuildFile; fileRef = 70B86E4A2A1EB31600C9A12B /* AnimalModel.swift */; };
		70B86E4D2A1EB33500C9A12B /* AnimalVM.swift in Sources */ = {isa = PBXBuildFile; fileRef = 70B86E4C2A1EB33500C9A12B /* AnimalVM.swift */; };
		70B86E4F2A1EB3AE00C9A12B /* AnimalView.swift in Sources */ = {isa = PBXBuildFile; fileRef = 70B86E4E2A1EB3AE00C9A12B /* AnimalView.swift */; };
/* End PBXBuildFile section */

/* Begin PBXContainerItemProxy section */
		70B86E132A1EACFC00C9A12B /* PBXContainerItemProxy */ = {
			isa = PBXContainerItemProxy;
			containerPortal = 70B86DFA2A1EACFA00C9A12B /* Project object */;
			proxyType = 1;
			remoteGlobalIDString = 70B86E012A1EACFA00C9A12B;
			remoteInfo = MVVM;
		};
		70B86E1D2A1EACFC00C9A12B /* PBXContainerItemProxy */ = {
			isa = PBXContainerItemProxy;
			containerPortal = 70B86DFA2A1EACFA00C9A12B /* Project object */;
			proxyType = 1;
			remoteGlobalIDString = 70B86E012A1EACFA00C9A12B;
			remoteInfo = MVVM;
		};
/* End PBXContainerItemProxy section */

/* Begin PBXFileReference section */
		70B86E022A1EACFA00C9A12B /* MVVM.app */ = {isa = PBXFileReference; explicitFileType = wrapper.application; includeInIndex = 0; path = MVVM.app; sourceTree = BUILT_PRODUCTS_DIR; };
		70B86E052A1EACFA00C9A12B /* MVVMApp.swift */ = {isa = PBXFileReference; lastKnownFileType = sourcecode.swift; path = MVVMApp.swift; sourceTree = "<group>"; };
		70B86E072A1EACFA00C9A12B /* ContentView.swift */ = {isa = PBXFileReference; lastKnownFileType = sourcecode.swift; path = ContentView.swift; sourceTree = "<group>"; };
		70B86E092A1EACFC00C9A12B /* Assets.xcassets */ = {isa = PBXFileReference; lastKnownFileType = folder.assetcatalog; path = Assets.xcassets; sourceTree = "<group>"; };
		70B86E0C2A1EACFC00C9A12B /* Preview Assets.xcassets */ = {isa = PBXFileReference; lastKnownFileType = folder.assetcatalog; path = "Preview Assets.xcassets"; sourceTree = "<group>"; };
		70B86E122A1EACFC00C9A12B /* MVVMTests.xctest */ = {isa = PBXFileReference; explicitFileType = wrapper.cfbundle; includeInIndex = 0; path = MVVMTests.xctest; sourceTree = BUILT_PRODUCTS_DIR; };
		70B86E162A1EACFC00C9A12B /* MVVMTests.swift */ = {isa = PBXFileReference; lastKnownFileType = sourcecode.swift; path = MVVMTests.swift; sourceTree = "<group>"; };
		70B86E1C2A1EACFC00C9A12B /* MVVMUITests.xctest */ = {isa = PBXFileReference; explicitFileType = wrapper.cfbundle; includeInIndex = 0; path = MVVMUITests.xctest; sourceTree = BUILT_PRODUCTS_DIR; };
		70B86E202A1EACFC00C9A12B /* MVVMUITests.swift */ = {isa = PBXFileReference; lastKnownFileType = sourcecode.swift; path = MVVMUITests.swift; sourceTree = "<group>"; };
		70B86E222A1EACFC00C9A12B /* MVVMUITestsLaunchTests.swift */ = {isa = PBXFileReference; lastKnownFileType = sourcecode.swift; path = MVVMUITestsLaunchTests.swift; sourceTree = "<group>"; };
		70B86E322A1EAD7300C9A12B /* Person.swift */ = {isa = PBXFileReference; lastKnownFileType = sourcecode.swift; path = Person.swift; sourceTree = "<group>"; };
		70B86E342A1EAD8F00C9A12B /* PersonVM.swift */ = {isa = PBXFileReference; lastKnownFileType = sourcecode.swift; path = PersonVM.swift; sourceTree = "<group>"; };
		70B86E362A1EADB900C9A12B /* PersonView.swift */ = {isa = PBXFileReference; lastKnownFileType = sourcecode.swift; path = PersonView.swift; sourceTree = "<group>"; };
		70B86E382A1EAED100C9A12B /* BookModel.swift */ = {isa = PBXFileReference; lastKnownFileType = sourcecode.swift; path = BookModel.swift; sourceTree = "<group>"; };
		70B86E3A2A1EAEF300C9A12B /* BookVM.swift */ = {isa = PBXFileReference; lastKnownFileType = sourcecode.swift; path = BookVM.swift; sourceTree = "<group>"; };
		70B86E3C2A1EAF3500C9A12B /* BookView.swift */ = {isa = PBXFileReference; lastKnownFileType = sourcecode.swift; path = BookView.swift; sourceTree = "<group>"; };
		70B86E3E2A1EB0BF00C9A12B /* CarModel.swift */ = {isa = PBXFileReference; lastKnownFileType = sourcecode.swift; path = CarModel.swift; sourceTree = "<group>"; };
		70B86E402A1EB0CE00C9A12B /* CarVM.swift */ = {isa = PBXFileReference; lastKnownFileType = sourcecode.swift; path = CarVM.swift; sourceTree = "<group>"; };
		70B86E422A1EB10500C9A12B /* CarView.swift */ = {isa = PBXFileReference; lastKnownFileType = sourcecode.swift; path = CarView.swift; sourceTree = "<group>"; };
		70B86E442A1EB1F600C9A12B /* FrutModel.swift */ = {isa = PBXFileReference; lastKnownFileType = sourcecode.swift; path = FrutModel.swift; sourceTree = "<group>"; };
		70B86E462A1EB20B00C9A12B /* FrutVM.swift */ = {isa = PBXFileReference; lastKnownFileType = sourcecode.swift; path = FrutVM.swift; sourceTree = "<group>"; };
		70B86E482A1EB24900C9A12B /* FrutView.swift */ = {isa = PBXFileReference; lastKnownFileType = sourcecode.swift; path = FrutView.swift; sourceTree = "<group>"; };
		70B86E4A2A1EB31600C9A12B /* AnimalModel.swift */ = {isa = PBXFileReference; lastKnownFileType = sourcecode.swift; path = AnimalModel.swift; sourceTree = "<group>"; };
		70B86E4C2A1EB33500C9A12B /* AnimalVM.swift */ = {isa = PBXFileReference; lastKnownFileType = sourcecode.swift; path = AnimalVM.swift; sourceTree = "<group>"; };
		70B86E4E2A1EB3AE00C9A12B /* AnimalView.swift */ = {isa = PBXFileReference; lastKnownFileType = sourcecode.swift; path = AnimalView.swift; sourceTree = "<group>"; };
/* End PBXFileReference section */

/* Begin PBXFrameworksBuildPhase section */
		70B86DFF2A1EACFA00C9A12B /* Frameworks */ = {
			isa = PBXFrameworksBuildPhase;
			buildActionMask = 2147483647;
			files = (
			);
			runOnlyForDeploymentPostprocessing = 0;
		};
		70B86E0F2A1EACFC00C9A12B /* Frameworks */ = {
			isa = PBXFrameworksBuildPhase;
			buildActionMask = 2147483647;
			files = (
			);
			runOnlyForDeploymentPostprocessing = 0;
		};
		70B86E192A1EACFC00C9A12B /* Frameworks */ = {
			isa = PBXFrameworksBuildPhase;
			buildActionMask = 2147483647;
			files = (
			);
			runOnlyForDeploymentPostprocessing = 0;
		};
/* End PBXFrameworksBuildPhase section */

/* Begin PBXGroup section */
		70B86DF92A1EACFA00C9A12B = {
			isa = PBXGroup;
			children = (
				70B86E042A1EACFA00C9A12B /* MVVM */,
				70B86E152A1EACFC00C9A12B /* MVVMTests */,
				70B86E1F2A1EACFC00C9A12B /* MVVMUITests */,
				70B86E032A1EACFA00C9A12B /* Products */,
			);
			sourceTree = "<group>";
		};
		70B86E032A1EACFA00C9A12B /* Products */ = {
			isa = PBXGroup;
			children = (
				70B86E022A1EACFA00C9A12B /* MVVM.app */,
				70B86E122A1EACFC00C9A12B /* MVVMTests.xctest */,
				70B86E1C2A1EACFC00C9A12B /* MVVMUITests.xctest */,
			);
			name = Products;
			sourceTree = "<group>";
		};
		70B86E042A1EACFA00C9A12B /* MVVM */ = {
			isa = PBXGroup;
			children = (
				70B86E052A1EACFA00C9A12B /* MVVMApp.swift */,
				70B86E072A1EACFA00C9A12B /* ContentView.swift */,
				70B86E092A1EACFC00C9A12B /* Assets.xcassets */,
				70B86E312A1EAD2600C9A12B /* ViewModel */,
				70B86E302A1EAD1B00C9A12B /* Model */,
				70B86E2F2A1EAD1300C9A12B /* View */,
				70B86E0B2A1EACFC00C9A12B /* Preview Content */,
			);
			path = MVVM;
			sourceTree = "<group>";
		};
		70B86E0B2A1EACFC00C9A12B /* Preview Content */ = {
			isa = PBXGroup;
			children = (
				70B86E0C2A1EACFC00C9A12B /* Preview Assets.xcassets */,
			);
			path = "Preview Content";
			sourceTree = "<group>";
		};
		70B86E152A1EACFC00C9A12B /* MVVMTests */ = {
			isa = PBXGroup;
			children = (
				70B86E162A1EACFC00C9A12B /* MVVMTests.swift */,
			);
			path = MVVMTests;
			sourceTree = "<group>";
		};
		70B86E1F2A1EACFC00C9A12B /* MVVMUITests */ = {
			isa = PBXGroup;
			children = (
				70B86E202A1EACFC00C9A12B /* MVVMUITests.swift */,
				70B86E222A1EACFC00C9A12B /* MVVMUITestsLaunchTests.swift */,
			);
			path = MVVMUITests;
			sourceTree = "<group>";
		};
		70B86E2F2A1EAD1300C9A12B /* View */ = {
			isa = PBXGroup;
			children = (
				70B86E362A1EADB900C9A12B /* PersonView.swift */,
				70B86E3C2A1EAF3500C9A12B /* BookView.swift */,
				70B86E422A1EB10500C9A12B /* CarView.swift */,
				70B86E482A1EB24900C9A12B /* FrutView.swift */,
				70B86E4E2A1EB3AE00C9A12B /* AnimalView.swift */,
			);
			path = View;
			sourceTree = "<group>";
		};
		70B86E302A1EAD1B00C9A12B /* Model */ = {
			isa = PBXGroup;
			children = (
				70B86E322A1EAD7300C9A12B /* Person.swift */,
				70B86E382A1EAED100C9A12B /* BookModel.swift */,
				70B86E3E2A1EB0BF00C9A12B /* CarModel.swift */,
				70B86E442A1EB1F600C9A12B /* FrutModel.swift */,
				70B86E4A2A1EB31600C9A12B /* AnimalModel.swift */,
			);
			path = Model;
			sourceTree = "<group>";
		};
		70B86E312A1EAD2600C9A12B /* ViewModel */ = {
			isa = PBXGroup;
			children = (
				70B86E342A1EAD8F00C9A12B /* PersonVM.swift */,
				70B86E3A2A1EAEF300C9A12B /* BookVM.swift */,
				70B86E402A1EB0CE00C9A12B /* CarVM.swift */,
				70B86E462A1EB20B00C9A12B /* FrutVM.swift */,
				70B86E4C2A1EB33500C9A12B /* AnimalVM.swift */,
			);
			path = ViewModel;
			sourceTree = "<group>";
		};
/* End PBXGroup section */

/* Begin PBXNativeTarget section */
		70B86E012A1EACFA00C9A12B /* MVVM */ = {
			isa = PBXNativeTarget;
			buildConfigurationList = 70B86E262A1EACFC00C9A12B /* Build configuration list for PBXNativeTarget "MVVM" */;
			buildPhases = (
				70B86DFE2A1EACFA00C9A12B /* Sources */,
				70B86DFF2A1EACFA00C9A12B /* Frameworks */,
				70B86E002A1EACFA00C9A12B /* Resources */,
			);
			buildRules = (
			);
			dependencies = (
			);
			name = MVVM;
			productName = MVVM;
			productReference = 70B86E022A1EACFA00C9A12B /* MVVM.app */;
			productType = "com.apple.product-type.application";
		};
		70B86E112A1EACFC00C9A12B /* MVVMTests */ = {
			isa = PBXNativeTarget;
			buildConfigurationList = 70B86E292A1EACFC00C9A12B /* Build configuration list for PBXNativeTarget "MVVMTests" */;
			buildPhases = (
				70B86E0E2A1EACFC00C9A12B /* Sources */,
				70B86E0F2A1EACFC00C9A12B /* Frameworks */,
				70B86E102A1EACFC00C9A12B /* Resources */,
			);
			buildRules = (
			);
			dependencies = (
				70B86E142A1EACFC00C9A12B /* PBXTargetDependency */,
			);
			name = MVVMTests;
			productName = MVVMTests;
			productReference = 70B86E122A1EACFC00C9A12B /* MVVMTests.xctest */;
			productType = "com.apple.product-type.bundle.unit-test";
		};
		70B86E1B2A1EACFC00C9A12B /* MVVMUITests */ = {
			isa = PBXNativeTarget;
			buildConfigurationList = 70B86E2C2A1EACFC00C9A12B /* Build configuration list for PBXNativeTarget "MVVMUITests" */;
			buildPhases = (
				70B86E182A1EACFC00C9A12B /* Sources */,
				70B86E192A1EACFC00C9A12B /* Frameworks */,
				70B86E1A2A1EACFC00C9A12B /* Resources */,
			);
			buildRules = (
			);
			dependencies = (
				70B86E1E2A1EACFC00C9A12B /* PBXTargetDependency */,
			);
			name = MVVMUITests;
			productName = MVVMUITests;
			productReference = 70B86E1C2A1EACFC00C9A12B /* MVVMUITests.xctest */;
			productType = "com.apple.product-type.bundle.ui-testing";
		};
/* End PBXNativeTarget section */

/* Begin PBXProject section */
		70B86DFA2A1EACFA00C9A12B /* Project object */ = {
			isa = PBXProject;
			attributes = {
				BuildIndependentTargetsInParallel = 1;
				LastSwiftUpdateCheck = 1430;
				LastUpgradeCheck = 1430;
				TargetAttributes = {
					70B86E012A1EACFA00C9A12B = {
						CreatedOnToolsVersion = 14.3;
					};
					70B86E112A1EACFC00C9A12B = {
						CreatedOnToolsVersion = 14.3;
						TestTargetID = 70B86E012A1EACFA00C9A12B;
					};
					70B86E1B2A1EACFC00C9A12B = {
						CreatedOnToolsVersion = 14.3;
						TestTargetID = 70B86E012A1EACFA00C9A12B;
					};
				};
			};
			buildConfigurationList = 70B86DFD2A1EACFA00C9A12B /* Build configuration list for PBXProject "MVVM" */;
			compatibilityVersion = "Xcode 14.0";
			developmentRegion = en;
			hasScannedForEncodings = 0;
			knownRegions = (
				en,
				Base,
			);
			mainGroup = 70B86DF92A1EACFA00C9A12B;
			productRefGroup = 70B86E032A1EACFA00C9A12B /* Products */;
			projectDirPath = "";
			projectRoot = "";
			targets = (
				70B86E012A1EACFA00C9A12B /* MVVM */,
				70B86E112A1EACFC00C9A12B /* MVVMTests */,
				70B86E1B2A1EACFC00C9A12B /* MVVMUITests */,
			);
		};
/* End PBXProject section */

/* Begin PBXResourcesBuildPhase section */
		70B86E002A1EACFA00C9A12B /* Resources */ = {
			isa = PBXResourcesBuildPhase;
			buildActionMask = 2147483647;
			files = (
				70B86E0D2A1EACFC00C9A12B /* Preview Assets.xcassets in Resources */,
				70B86E0A2A1EACFC00C9A12B /* Assets.xcassets in Resources */,
			);
			runOnlyForDeploymentPostprocessing = 0;
		};
		70B86E102A1EACFC00C9A12B /* Resources */ = {
			isa = PBXResourcesBuildPhase;
			buildActionMask = 2147483647;
			files = (
			);
			runOnlyForDeploymentPostprocessing = 0;
		};
		70B86E1A2A1EACFC00C9A12B /* Resources */ = {
			isa = PBXResourcesBuildPhase;
			buildActionMask = 2147483647;
			files = (
			);
			runOnlyForDeploymentPostprocessing = 0;
		};
/* End PBXResourcesBuildPhase section */

/* Begin PBXSourcesBuildPhase section */
		70B86DFE2A1EACFA00C9A12B /* Sources */ = {
			isa = PBXSourcesBuildPhase;
			buildActionMask = 2147483647;
			files = (
				70B86E3B2A1EAEF300C9A12B /* BookVM.swift in Sources */,
				70B86E4B2A1EB31600C9A12B /* AnimalModel.swift in Sources */,
				70B86E492A1EB24900C9A12B /* FrutView.swift in Sources */,
				70B86E372A1EADB900C9A12B /* PersonView.swift in Sources */,
				70B86E472A1EB20B00C9A12B /* FrutVM.swift in Sources */,
				70B86E432A1EB10500C9A12B /* CarView.swift in Sources */,
				70B86E4F2A1EB3AE00C9A12B /* AnimalView.swift in Sources */,
				70B86E332A1EAD7300C9A12B /* Person.swift in Sources */,
				70B86E452A1EB1F600C9A12B /* FrutModel.swift in Sources */,
				70B86E082A1EACFA00C9A12B /* ContentView.swift in Sources */,
				70B86E392A1EAED100C9A12B /* BookModel.swift in Sources */,
				70B86E412A1EB0CE00C9A12B /* CarVM.swift in Sources */,
				70B86E3F2A1EB0BF00C9A12B /* CarModel.swift in Sources */,
				70B86E062A1EACFA00C9A12B /* MVVMApp.swift in Sources */,
				70B86E352A1EAD8F00C9A12B /* PersonVM.swift in Sources */,
				70B86E4D2A1EB33500C9A12B /* AnimalVM.swift in Sources */,
				70B86E3D2A1EAF3500C9A12B /* BookView.swift in Sources */,
			);
			runOnlyForDeploymentPostprocessing = 0;
		};
		70B86E0E2A1EACFC00C9A12B /* Sources */ = {
			isa = PBXSourcesBuildPhase;
			buildActionMask = 2147483647;
			files = (
				70B86E172A1EACFC00C9A12B /* MVVMTests.swift in Sources */,
			);
			runOnlyForDeploymentPostprocessing = 0;
		};
		70B86E182A1EACFC00C9A12B /* Sources */ = {
			isa = PBXSourcesBuildPhase;
			buildActionMask = 2147483647;
			files = (
				70B86E232A1EACFC00C9A12B /* MVVMUITestsLaunchTests.swift in Sources */,
				70B86E212A1EACFC00C9A12B /* MVVMUITests.swift in Sources */,
			);
			runOnlyForDeploymentPostprocessing = 0;
		};
/* End PBXSourcesBuildPhase section */

/* Begin PBXTargetDependency section */
		70B86E142A1EACFC00C9A12B /* PBXTargetDependency */ = {
			isa = PBXTargetDependency;
			target = 70B86E012A1EACFA00C9A12B /* MVVM */;
			targetProxy = 70B86E132A1EACFC00C9A12B /* PBXContainerItemProxy */;
		};
		70B86E1E2A1EACFC00C9A12B /* PBXTargetDependency */ = {
			isa = PBXTargetDependency;
			target = 70B86E012A1EACFA00C9A12B /* MVVM */;
			targetProxy = 70B86E1D2A1EACFC00C9A12B /* PBXContainerItemProxy */;
		};
/* End PBXTargetDependency section */

/* Begin XCBuildConfiguration section */
		70B86E242A1EACFC00C9A12B /* Debug */ = {
			isa = XCBuildConfiguration;
			buildSettings = {
				ALWAYS_SEARCH_USER_PATHS = NO;
				CLANG_ANALYZER_NONNULL = YES;
				CLANG_ANALYZER_NUMBER_OBJECT_CONVERSION = YES_AGGRESSIVE;
				CLANG_CXX_LANGUAGE_STANDARD = "gnu++20";
				CLANG_ENABLE_MODULES = YES;
				CLANG_ENABLE_OBJC_ARC = YES;
				CLANG_ENABLE_OBJC_WEAK = YES;
				CLANG_WARN_BLOCK_CAPTURE_AUTORELEASING = YES;
				CLANG_WARN_BOOL_CONVERSION = YES;
				CLANG_WARN_COMMA = YES;
				CLANG_WARN_CONSTANT_CONVERSION = YES;
				CLANG_WARN_DEPRECATED_OBJC_IMPLEMENTATIONS = YES;
				CLANG_WARN_DIRECT_OBJC_ISA_USAGE = YES_ERROR;
				CLANG_WARN_DOCUMENTATION_COMMENTS = YES;
				CLANG_WARN_EMPTY_BODY = YES;
				CLANG_WARN_ENUM_CONVERSION = YES;
				CLANG_WARN_INFINITE_RECURSION = YES;
				CLANG_WARN_INT_CONVERSION = YES;
				CLANG_WARN_NON_LITERAL_NULL_CONVERSION = YES;
				CLANG_WARN_OBJC_IMPLICIT_RETAIN_SELF = YES;
				CLANG_WARN_OBJC_LITERAL_CONVERSION = YES;
				CLANG_WARN_OBJC_ROOT_CLASS = YES_ERROR;
				CLANG_WARN_QUOTED_INCLUDE_IN_FRAMEWORK_HEADER = YES;
				CLANG_WARN_RANGE_LOOP_ANALYSIS = YES;
				CLANG_WARN_STRICT_PROTOTYPES = YES;
				CLANG_WARN_SUSPICIOUS_MOVE = YES;
				CLANG_WARN_UNGUARDED_AVAILABILITY = YES_AGGRESSIVE;
				CLANG_WARN_UNREACHABLE_CODE = YES;
				CLANG_WARN__DUPLICATE_METHOD_MATCH = YES;
				COPY_PHASE_STRIP = NO;
				DEBUG_INFORMATION_FORMAT = dwarf;
				ENABLE_STRICT_OBJC_MSGSEND = YES;
				ENABLE_TESTABILITY = YES;
				GCC_C_LANGUAGE_STANDARD = gnu11;
				GCC_DYNAMIC_NO_PIC = NO;
				GCC_NO_COMMON_BLOCKS = YES;
				GCC_OPTIMIZATION_LEVEL = 0;
				GCC_PREPROCESSOR_DEFINITIONS = (
					"DEBUG=1",
					"$(inherited)",
				);
				GCC_WARN_64_TO_32_BIT_CONVERSION = YES;
				GCC_WARN_ABOUT_RETURN_TYPE = YES_ERROR;
				GCC_WARN_UNDECLARED_SELECTOR = YES;
				GCC_WARN_UNINITIALIZED_AUTOS = YES_AGGRESSIVE;
				GCC_WARN_UNUSED_FUNCTION = YES;
				GCC_WARN_UNUSED_VARIABLE = YES;
				IPHONEOS_DEPLOYMENT_TARGET = 16.4;
				MTL_ENABLE_DEBUG_INFO = INCLUDE_SOURCE;
				MTL_FAST_MATH = YES;
				ONLY_ACTIVE_ARCH = YES;
				SDKROOT = iphoneos;
				SWIFT_ACTIVE_COMPILATION_CONDITIONS = DEBUG;
				SWIFT_OPTIMIZATION_LEVEL = "-Onone";
			};
			name = Debug;
		};
		70B86E252A1EACFC00C9A12B /* Release */ = {
			isa = XCBuildConfiguration;
			buildSettings = {
				ALWAYS_SEARCH_USER_PATHS = NO;
				CLANG_ANALYZER_NONNULL = YES;
				CLANG_ANALYZER_NUMBER_OBJECT_CONVERSION = YES_AGGRESSIVE;
				CLANG_CXX_LANGUAGE_STANDARD = "gnu++20";
				CLANG_ENABLE_MODULES = YES;
				CLANG_ENABLE_OBJC_ARC = YES;
				CLANG_ENABLE_OBJC_WEAK = YES;
				CLANG_WARN_BLOCK_CAPTURE_AUTORELEASING = YES;
				CLANG_WARN_BOOL_CONVERSION = YES;
				CLANG_WARN_COMMA = YES;
				CLANG_WARN_CONSTANT_CONVERSION = YES;
				CLANG_WARN_DEPRECATED_OBJC_IMPLEMENTATIONS = YES;
				CLANG_WARN_DIRECT_OBJC_ISA_USAGE = YES_ERROR;
				CLANG_WARN_DOCUMENTATION_COMMENTS = YES;
				CLANG_WARN_EMPTY_BODY = YES;
				CLANG_WARN_ENUM_CONVERSION = YES;
				CLANG_WARN_INFINITE_RECURSION = YES;
				CLANG_WARN_INT_CONVERSION = YES;
				CLANG_WARN_NON_LITERAL_NULL_CONVERSION = YES;
				CLANG_WARN_OBJC_IMPLICIT_RETAIN_SELF = YES;
				CLANG_WARN_OBJC_LITERAL_CONVERSION = YES;
				CLANG_WARN_OBJC_ROOT_CLASS = YES_ERROR;
				CLANG_WARN_QUOTED_INCLUDE_IN_FRAMEWORK_HEADER = YES;
				CLANG_WARN_RANGE_LOOP_ANALYSIS = YES;
				CLANG_WARN_STRICT_PROTOTYPES = YES;
				CLANG_WARN_SUSPICIOUS_MOVE = YES;
				CLANG_WARN_UNGUARDED_AVAILABILITY = YES_AGGRESSIVE;
				CLANG_WARN_UNREACHABLE_CODE = YES;
				CLANG_WARN__DUPLICATE_METHOD_MATCH = YES;
				COPY_PHASE_STRIP = NO;
				DEBUG_INFORMATION_FORMAT = "dwarf-with-dsym";
				ENABLE_NS_ASSERTIONS = NO;
				ENABLE_STRICT_OBJC_MSGSEND = YES;
				GCC_C_LANGUAGE_STANDARD = gnu11;
				GCC_NO_COMMON_BLOCKS = YES;
				GCC_WARN_64_TO_32_BIT_CONVERSION = YES;
				GCC_WARN_ABOUT_RETURN_TYPE = YES_ERROR;
				GCC_WARN_UNDECLARED_SELECTOR = YES;
				GCC_WARN_UNINITIALIZED_AUTOS = YES_AGGRESSIVE;
				GCC_WARN_UNUSED_FUNCTION = YES;
				GCC_WARN_UNUSED_VARIABLE = YES;
				IPHONEOS_DEPLOYMENT_TARGET = 16.4;
				MTL_ENABLE_DEBUG_INFO = NO;
				MTL_FAST_MATH = YES;
				SDKROOT = iphoneos;
				SWIFT_COMPILATION_MODE = wholemodule;
				SWIFT_OPTIMIZATION_LEVEL = "-O";
				VALIDATE_PRODUCT = YES;
			};
			name = Release;
		};
		70B86E272A1EACFC00C9A12B /* Debug */ = {
			isa = XCBuildConfiguration;
			buildSettings = {
				ASSETCATALOG_COMPILER_APPICON_NAME = AppIcon;
				ASSETCATALOG_COMPILER_GLOBAL_ACCENT_COLOR_NAME = AccentColor;
				CODE_SIGN_STYLE = Automatic;
				CURRENT_PROJECT_VERSION = 1;
				DEVELOPMENT_ASSET_PATHS = "\"MVVM/Preview Content\"";
				DEVELOPMENT_TEAM = DA42MCR9GG;
				ENABLE_PREVIEWS = YES;
				GENERATE_INFOPLIST_FILE = YES;
				INFOPLIST_KEY_UIApplicationSceneManifest_Generation = YES;
				INFOPLIST_KEY_UIApplicationSupportsIndirectInputEvents = YES;
				INFOPLIST_KEY_UILaunchScreen_Generation = YES;
				INFOPLIST_KEY_UISupportedInterfaceOrientations_iPad = "UIInterfaceOrientationPortrait UIInterfaceOrientationPortraitUpsideDown UIInterfaceOrientationLandscapeLeft UIInterfaceOrientationLandscapeRight";
				INFOPLIST_KEY_UISupportedInterfaceOrientations_iPhone = "UIInterfaceOrientationPortrait UIInterfaceOrientationLandscapeLeft UIInterfaceOrientationLandscapeRight";
				LD_RUNPATH_SEARCH_PATHS = (
					"$(inherited)",
					"@executable_path/Frameworks",
				);
				MARKETING_VERSION = 1.0;
				PRODUCT_BUNDLE_IDENTIFIER = Moalsayyed.MVVM;
				PRODUCT_NAME = "$(TARGET_NAME)";
				SWIFT_EMIT_LOC_STRINGS = YES;
				SWIFT_VERSION = 5.0;
				TARGETED_DEVICE_FAMILY = "1,2";
			};
			name = Debug;
		};
		70B86E282A1EACFC00C9A12B /* Release */ = {
			isa = XCBuildConfiguration;
			buildSettings = {
				ASSETCATALOG_COMPILER_APPICON_NAME = AppIcon;
				ASSETCATALOG_COMPILER_GLOBAL_ACCENT_COLOR_NAME = AccentColor;
				CODE_SIGN_STYLE = Automatic;
				CURRENT_PROJECT_VERSION = 1;
				DEVELOPMENT_ASSET_PATHS = "\"MVVM/Preview Content\"";
				DEVELOPMENT_TEAM = DA42MCR9GG;
				ENABLE_PREVIEWS = YES;
				GENERATE_INFOPLIST_FILE = YES;
				INFOPLIST_KEY_UIApplicationSceneManifest_Generation = YES;
				INFOPLIST_KEY_UIApplicationSupportsIndirectInputEvents = YES;
				INFOPLIST_KEY_UILaunchScreen_Generation = YES;
				INFOPLIST_KEY_UISupportedInterfaceOrientations_iPad = "UIInterfaceOrientationPortrait UIInterfaceOrientationPortraitUpsideDown UIInterfaceOrientationLandscapeLeft UIInterfaceOrientationLandscapeRight";
				INFOPLIST_KEY_UISupportedInterfaceOrientations_iPhone = "UIInterfaceOrientationPortrait UIInterfaceOrientationLandscapeLeft UIInterfaceOrientationLandscapeRight";
				LD_RUNPATH_SEARCH_PATHS = (
					"$(inherited)",
					"@executable_path/Frameworks",
				);
				MARKETING_VERSION = 1.0;
				PRODUCT_BUNDLE_IDENTIFIER = Moalsayyed.MVVM;
				PRODUCT_NAME = "$(TARGET_NAME)";
				SWIFT_EMIT_LOC_STRINGS = YES;
				SWIFT_VERSION = 5.0;
				TARGETED_DEVICE_FAMILY = "1,2";
			};
			name = Release;
		};
		70B86E2A2A1EACFC00C9A12B /* Debug */ = {
			isa = XCBuildConfiguration;
			buildSettings = {
				ALWAYS_EMBED_SWIFT_STANDARD_LIBRARIES = YES;
				BUNDLE_LOADER = "$(TEST_HOST)";
				CODE_SIGN_STYLE = Automatic;
				CURRENT_PROJECT_VERSION = 1;
				DEVELOPMENT_TEAM = DA42MCR9GG;
				GENERATE_INFOPLIST_FILE = YES;
				IPHONEOS_DEPLOYMENT_TARGET = 16.4;
				MARKETING_VERSION = 1.0;
				PRODUCT_BUNDLE_IDENTIFIER = Moalsayyed.MVVMTests;
				PRODUCT_NAME = "$(TARGET_NAME)";
				SWIFT_EMIT_LOC_STRINGS = NO;
				SWIFT_VERSION = 5.0;
				TARGETED_DEVICE_FAMILY = "1,2";
				TEST_HOST = "$(BUILT_PRODUCTS_DIR)/MVVM.app/$(BUNDLE_EXECUTABLE_FOLDER_PATH)/MVVM";
			};
			name = Debug;
		};
		70B86E2B2A1EACFC00C9A12B /* Release */ = {
			isa = XCBuildConfiguration;
			buildSettings = {
				ALWAYS_EMBED_SWIFT_STANDARD_LIBRARIES = YES;
				BUNDLE_LOADER = "$(TEST_HOST)";
				CODE_SIGN_STYLE = Automatic;
				CURRENT_PROJECT_VERSION = 1;
				DEVELOPMENT_TEAM = DA42MCR9GG;
				GENERATE_INFOPLIST_FILE = YES;
				IPHONEOS_DEPLOYMENT_TARGET = 16.4;
				MARKETING_VERSION = 1.0;
				PRODUCT_BUNDLE_IDENTIFIER = Moalsayyed.MVVMTests;
				PRODUCT_NAME = "$(TARGET_NAME)";
				SWIFT_EMIT_LOC_STRINGS = NO;
				SWIFT_VERSION = 5.0;
				TARGETED_DEVICE_FAMILY = "1,2";
				TEST_HOST = "$(BUILT_PRODUCTS_DIR)/MVVM.app/$(BUNDLE_EXECUTABLE_FOLDER_PATH)/MVVM";
			};
			name = Release;
		};
		70B86E2D2A1EACFC00C9A12B /* Debug */ = {
			isa = XCBuildConfiguration;
			buildSettings = {
				ALWAYS_EMBED_SWIFT_STANDARD_LIBRARIES = YES;
				CODE_SIGN_STYLE = Automatic;
				CURRENT_PROJECT_VERSION = 1;
				DEVELOPMENT_TEAM = DA42MCR9GG;
				GENERATE_INFOPLIST_FILE = YES;
				MARKETING_VERSION = 1.0;
				PRODUCT_BUNDLE_IDENTIFIER = Moalsayyed.MVVMUITests;
				PRODUCT_NAME = "$(TARGET_NAME)";
				SWIFT_EMIT_LOC_STRINGS = NO;
				SWIFT_VERSION = 5.0;
				TARGETED_DEVICE_FAMILY = "1,2";
				TEST_TARGET_NAME = MVVM;
			};
			name = Debug;
		};
		70B86E2E2A1EACFC00C9A12B /* Release */ = {
			isa = XCBuildConfiguration;
			buildSettings = {
				ALWAYS_EMBED_SWIFT_STANDARD_LIBRARIES = YES;
				CODE_SIGN_STYLE = Automatic;
				CURRENT_PROJECT_VERSION = 1;
				DEVELOPMENT_TEAM = DA42MCR9GG;
				GENERATE_INFOPLIST_FILE = YES;
				MARKETING_VERSION = 1.0;
				PRODUCT_BUNDLE_IDENTIFIER = Moalsayyed.MVVMUITests;
				PRODUCT_NAME = "$(TARGET_NAME)";
				SWIFT_EMIT_LOC_STRINGS = NO;
				SWIFT_VERSION = 5.0;
				TARGETED_DEVICE_FAMILY = "1,2";
				TEST_TARGET_NAME = MVVM;
			};
			name = Release;
		};
/* End XCBuildConfiguration section */

/* Begin XCConfigurationList section */
		70B86DFD2A1EACFA00C9A12B /* Build configuration list for PBXProject "MVVM" */ = {
			isa = XCConfigurationList;
			buildConfigurations = (
				70B86E242A1EACFC00C9A12B /* Debug */,
				70B86E252A1EACFC00C9A12B /* Release */,
			);
			defaultConfigurationIsVisible = 0;
			defaultConfigurationName = Release;
		};
		70B86E262A1EACFC00C9A12B /* Build configuration list for PBXNativeTarget "MVVM" */ = {
			isa = XCConfigurationList;
			buildConfigurations = (
				70B86E272A1EACFC00C9A12B /* Debug */,
				70B86E282A1EACFC00C9A12B /* Release */,
			);
			defaultConfigurationIsVisible = 0;
			defaultConfigurationName = Release;
		};
		70B86E292A1EACFC00C9A12B /* Build configuration list for PBXNativeTarget "MVVMTests" */ = {
			isa = XCConfigurationList;
			buildConfigurations = (
				70B86E2A2A1EACFC00C9A12B /* Debug */,
				70B86E2B2A1EACFC00C9A12B /* Release */,
			);
			defaultConfigurationIsVisible = 0;
			defaultConfigurationName = Release;
		};
		70B86E2C2A1EACFC00C9A12B /* Build configuration list for PBXNativeTarget "MVVMUITests" */ = {
			isa = XCConfigurationList;
			buildConfigurations = (
				70B86E2D2A1EACFC00C9A12B /* Debug */,
				70B86E2E2A1EACFC00C9A12B /* Release */,
			);
			defaultConfigurationIsVisible = 0;
			defaultConfigurationName = Release;
		};
/* End XCConfigurationList section */
	};
	rootObject = 70B86DFA2A1EACFA00C9A12B /* Project object */;
}
